
Microsoft Visual Studio Solution File, Format Version 12.00
# Visual Studio 14
VisualStudioVersion = 14.0.24720.0
MinimumVisualStudioVersion = 10.0.40219.1
Project("{FAE04EC0-301F-11D3-BF4B-00C04F79EFBC}") = "BottledWater.Sql", "BottledWater.Sql\BottledWater.Sql.csproj", "{B55C62C7-3613-4399-9B25-5F61EE51CA66}"
EndProject
Project("{2150E333-8FDC-42A3-9474-1A3956D46DE8}") = "Deployment", "Deployment", "{E227395E-AF58-441E-B360-C4BEE5C84DDB}"
EndProject
Project("{2150E333-8FDC-42A3-9474-1A3956D46DE8}") = "1.0", "1.0", "{9809F6C6-EA4B-4A59-9DA0-208B227B1028}"
	ProjectSection(SolutionItems) = preProject
		Deployment\1.0\Install.sql = Deployment\1.0\Install.sql
	EndProjectSection
EndProject
Global
	GlobalSection(SolutionConfigurationPlatforms) = preSolution
		Debug|Any CPU = Debug|Any CPU
		Release|Any CPU = Release|Any CPU
	EndGlobalSection
	GlobalSection(ProjectConfigurationPlatforms) = postSolution
		{B55C62C7-3613-4399-9B25-5F61EE51CA66}.Debug|Any CPU.ActiveCfg = Debug|Any CPU
		{B55C62C7-3613-4399-9B25-5F61EE51CA66}.Debug|Any CPU.Build.0 = Debug|Any CPU
		{B55C62C7-3613-4399-9B25-5F61EE51CA66}.Release|Any CPU.ActiveCfg = Release|Any CPU
		{B55C62C7-3613-4399-9B25-5F61EE51CA66}.Release|Any CPU.Build.0 = Release|Any CPU
	EndGlobalSection
	GlobalSection(SolutionProperties) = preSolution
		HideSolutionNode = FALSE
	EndGlobalSection
	GlobalSection(NestedProjects) = preSolution
		{9809F6C6-EA4B-4A59-9DA0-208B227B1028} = {E227395E-AF58-441E-B360-C4BEE5C84DDB}
	EndGlobalSection
	GlobalSection(ExtensibilityGlobals) = postSolution
		EnterpriseLibraryConfigurationToolBinariesPathV6 = packages\EnterpriseLibrary.TransientFaultHandling.6.0.1304.0\lib\portable-net45+win+wp8;packages\EnterpriseLibrary.TransientFaultHandling.Data.6.0.1304.1\lib\NET45
	EndGlobalSection
EndGlobal
